// !$*UTF8*$!
{
	archiveVersion = 1;
	classes = {
	};
	objectVersion = 52;
	objects = {

/* Begin PBXBuildFile section */
		2538640F252B12EC0092FC42 /* AbyssalKit in Frameworks */ = {isa = PBXBuildFile; productRef = 2538640E252B12EC0092FC42 /* AbyssalKit */; };
		255749492529CEF300D9C85E /* WTrackApp.swift in Sources */ = {isa = PBXBuildFile; fileRef = 255749482529CEF300D9C85E /* WTrackApp.swift */; };
		2557494B2529CEF300D9C85E /* ContentView.swift in Sources */ = {isa = PBXBuildFile; fileRef = 2557494A2529CEF300D9C85E /* ContentView.swift */; };
		2557494D2529CEF500D9C85E /* Assets.xcassets in Resources */ = {isa = PBXBuildFile; fileRef = 2557494C2529CEF500D9C85E /* Assets.xcassets */; };
		255749502529CEF500D9C85E /* Preview Assets.xcassets in Resources */ = {isa = PBXBuildFile; fileRef = 2557494F2529CEF500D9C85E /* Preview Assets.xcassets */; };
		255749522529CEF500D9C85E /* Persistence.swift in Sources */ = {isa = PBXBuildFile; fileRef = 255749512529CEF500D9C85E /* Persistence.swift */; };
		255749552529CEF500D9C85E /* WTrack.xcdatamodeld in Sources */ = {isa = PBXBuildFile; fileRef = 255749532529CEF500D9C85E /* WTrack.xcdatamodeld */; };
		255749892529D50E00D9C85E /* PromiseKit in Frameworks */ = {isa = PBXBuildFile; productRef = 255749882529D50E00D9C85E /* PromiseKit */; };
		2557498F2529F6A200D9C85E /* TextFieldAlert.swift in Sources */ = {isa = PBXBuildFile; fileRef = 2557498E2529F6A200D9C85E /* TextFieldAlert.swift */; };
/* End PBXBuildFile section */

/* Begin PBXFileReference section */
		255749452529CEF300D9C85E /* WTrack.app */ = {isa = PBXFileReference; explicitFileType = wrapper.application; includeInIndex = 0; path = WTrack.app; sourceTree = BUILT_PRODUCTS_DIR; };
		255749482529CEF300D9C85E /* WTrackApp.swift */ = {isa = PBXFileReference; lastKnownFileType = sourcecode.swift; path = WTrackApp.swift; sourceTree = "<group>"; };
		2557494A2529CEF300D9C85E /* ContentView.swift */ = {isa = PBXFileReference; lastKnownFileType = sourcecode.swift; path = ContentView.swift; sourceTree = "<group>"; };
		2557494C2529CEF500D9C85E /* Assets.xcassets */ = {isa = PBXFileReference; lastKnownFileType = folder.assetcatalog; path = Assets.xcassets; sourceTree = "<group>"; };
		2557494F2529CEF500D9C85E /* Preview Assets.xcassets */ = {isa = PBXFileReference; lastKnownFileType = folder.assetcatalog; path = "Preview Assets.xcassets"; sourceTree = "<group>"; };
		255749512529CEF500D9C85E /* Persistence.swift */ = {isa = PBXFileReference; lastKnownFileType = sourcecode.swift; path = Persistence.swift; sourceTree = "<group>"; };
		255749542529CEF500D9C85E /* WTrack.xcdatamodel */ = {isa = PBXFileReference; lastKnownFileType = wrapper.xcdatamodel; path = WTrack.xcdatamodel; sourceTree = "<group>"; };
		255749562529CEF500D9C85E /* Info.plist */ = {isa = PBXFileReference; lastKnownFileType = text.plist.xml; path = Info.plist; sourceTree = "<group>"; };
		2557497B2529D2C500D9C85E /* WTrack.entitlements */ = {isa = PBXFileReference; lastKnownFileType = text.plist.entitlements; path = WTrack.entitlements; sourceTree = "<group>"; };
		2557498E2529F6A200D9C85E /* TextFieldAlert.swift */ = {isa = PBXFileReference; lastKnownFileType = sourcecode.swift; path = TextFieldAlert.swift; sourceTree = "<group>"; };
/* End PBXFileReference section */

/* Begin PBXFrameworksBuildPhase section */
		255749422529CEF300D9C85E /* Frameworks */ = {
			isa = PBXFrameworksBuildPhase;
			buildActionMask = 2147483647;
			files = (
				255749892529D50E00D9C85E /* PromiseKit in Frameworks */,
				2538640F252B12EC0092FC42 /* AbyssalKit in Frameworks */,
			);
			runOnlyForDeploymentPostprocessing = 0;
		};
/* End PBXFrameworksBuildPhase section */

/* Begin PBXGroup section */
		2557493C2529CEF300D9C85E = {
			isa = PBXGroup;
			children = (
				255749472529CEF300D9C85E /* WTrack */,
				255749462529CEF300D9C85E /* Products */,
			);
			sourceTree = "<group>";
		};
		255749462529CEF300D9C85E /* Products */ = {
			isa = PBXGroup;
			children = (
				255749452529CEF300D9C85E /* WTrack.app */,
			);
			name = Products;
			sourceTree = "<group>";
		};
		255749472529CEF300D9C85E /* WTrack */ = {
			isa = PBXGroup;
			children = (
				2557498D2529F69900D9C85E /* Extensions */,
				2557497B2529D2C500D9C85E /* WTrack.entitlements */,
				255749482529CEF300D9C85E /* WTrackApp.swift */,
				2557494A2529CEF300D9C85E /* ContentView.swift */,
				2557494C2529CEF500D9C85E /* Assets.xcassets */,
				255749512529CEF500D9C85E /* Persistence.swift */,
				255749562529CEF500D9C85E /* Info.plist */,
				255749532529CEF500D9C85E /* WTrack.xcdatamodeld */,
				2557494E2529CEF500D9C85E /* Preview Content */,
			);
			path = WTrack;
			sourceTree = "<group>";
		};
		2557494E2529CEF500D9C85E /* Preview Content */ = {
			isa = PBXGroup;
			children = (
				2557494F2529CEF500D9C85E /* Preview Assets.xcassets */,
			);
			path = "Preview Content";
			sourceTree = "<group>";
		};
		2557498D2529F69900D9C85E /* Extensions */ = {
			isa = PBXGroup;
			children = (
				2557498E2529F6A200D9C85E /* TextFieldAlert.swift */,
			);
			path = Extensions;
			sourceTree = "<group>";
		};
/* End PBXGroup section */

/* Begin PBXNativeTarget section */
		255749442529CEF300D9C85E /* WTrack */ = {
			isa = PBXNativeTarget;
			buildConfigurationList = 2557496F2529CEF600D9C85E /* Build configuration list for PBXNativeTarget "WTrack" */;
			buildPhases = (
				255749412529CEF300D9C85E /* Sources */,
				255749422529CEF300D9C85E /* Frameworks */,
				255749432529CEF300D9C85E /* Resources */,
			);
			buildRules = (
			);
			dependencies = (
			);
			name = WTrack;
			packageProductDependencies = (
				255749882529D50E00D9C85E /* PromiseKit */,
				2538640E252B12EC0092FC42 /* AbyssalKit */,
			);
			productName = WTrack;
			productReference = 255749452529CEF300D9C85E /* WTrack.app */;
			productType = "com.apple.product-type.application";
		};
/* End PBXNativeTarget section */

/* Begin PBXProject section */
		2557493D2529CEF300D9C85E /* Project object */ = {
			isa = PBXProject;
			attributes = {
				LastSwiftUpdateCheck = 1200;
				LastUpgradeCheck = 1200;
				TargetAttributes = {
					255749442529CEF300D9C85E = {
						CreatedOnToolsVersion = 12.0.1;
					};
				};
			};
			buildConfigurationList = 255749402529CEF300D9C85E /* Build configuration list for PBXProject "WTrack" */;
			compatibilityVersion = "Xcode 9.3";
			developmentRegion = en;
			hasScannedForEncodings = 0;
			knownRegions = (
				en,
				Base,
			);
			mainGroup = 2557493C2529CEF300D9C85E;
			packageReferences = (
				255749872529D50E00D9C85E /* XCRemoteSwiftPackageReference "PromiseKit" */,
				2538640D252B12EC0092FC42 /* XCRemoteSwiftPackageReference "AbyssalKit" */,
			);
			productRefGroup = 255749462529CEF300D9C85E /* Products */;
			projectDirPath = "";
			projectRoot = "";
			targets = (
				255749442529CEF300D9C85E /* WTrack */,
			);
		};
/* End PBXProject section */

/* Begin PBXResourcesBuildPhase section */
		255749432529CEF300D9C85E /* Resources */ = {
			isa = PBXResourcesBuildPhase;
			buildActionMask = 2147483647;
			files = (
				255749502529CEF500D9C85E /* Preview Assets.xcassets in Resources */,
				2557494D2529CEF500D9C85E /* Assets.xcassets in Resources */,
			);
			runOnlyForDeploymentPostprocessing = 0;
		};
/* End PBXResourcesBuildPhase section */

/* Begin PBXSourcesBuildPhase section */
		255749412529CEF300D9C85E /* Sources */ = {
			isa = PBXSourcesBuildPhase;
			buildActionMask = 2147483647;
			files = (
				2557498F2529F6A200D9C85E /* TextFieldAlert.swift in Sources */,
				255749522529CEF500D9C85E /* Persistence.swift in Sources */,
				2557494B2529CEF300D9C85E /* ContentView.swift in Sources */,
				255749492529CEF300D9C85E /* WTrackApp.swift in Sources */,
				255749552529CEF500D9C85E /* WTrack.xcdatamodeld in Sources */,
			);
			runOnlyForDeploymentPostprocessing = 0;
		};
/* End PBXSourcesBuildPhase section */

/* Begin XCBuildConfiguration section */
		2557496D2529CEF600D9C85E /* Debug */ = {
			isa = XCBuildConfiguration;
			buildSettings = {
				ALWAYS_SEARCH_USER_PATHS = NO;
				CLANG_ANALYZER_NONNULL = YES;
				CLANG_ANALYZER_NUMBER_OBJECT_CONVERSION = YES_AGGRESSIVE;
				CLANG_CXX_LANGUAGE_STANDARD = "gnu++14";
				CLANG_CXX_LIBRARY = "libc++";
				CLANG_ENABLE_MODULES = YES;
				CLANG_ENABLE_OBJC_ARC = YES;
				CLANG_ENABLE_OBJC_WEAK = YES;
				CLANG_WARN_BLOCK_CAPTURE_AUTORELEASING = YES;
				CLANG_WARN_BOOL_CONVERSION = YES;
				CLANG_WARN_COMMA = YES;
				CLANG_WARN_CONSTANT_CONVERSION = YES;
				CLANG_WARN_DEPRECATED_OBJC_IMPLEMENTATIONS = YES;
				CLANG_WARN_DIRECT_OBJC_ISA_USAGE = YES_ERROR;
				CLANG_WARN_DOCUMENTATION_COMMENTS = YES;
				CLANG_WARN_EMPTY_BODY = YES;
				CLANG_WARN_ENUM_CONVERSION = YES;
				CLANG_WARN_INFINITE_RECURSION = YES;
				CLANG_WARN_INT_CONVERSION = YES;
				CLANG_WARN_NON_LITERAL_NULL_CONVERSION = YES;
				CLANG_WARN_OBJC_IMPLICIT_RETAIN_SELF = YES;
				CLANG_WARN_OBJC_LITERAL_CONVERSION = YES;
				CLANG_WARN_OBJC_ROOT_CLASS = YES_ERROR;
				CLANG_WARN_QUOTED_INCLUDE_IN_FRAMEWORK_HEADER = YES;
				CLANG_WARN_RANGE_LOOP_ANALYSIS = YES;
				CLANG_WARN_STRICT_PROTOTYPES = YES;
				CLANG_WARN_SUSPICIOUS_MOVE = YES;
				CLANG_WARN_UNGUARDED_AVAILABILITY = YES_AGGRESSIVE;
				CLANG_WARN_UNREACHABLE_CODE = YES;
				CLANG_WARN__DUPLICATE_METHOD_MATCH = YES;
				COPY_PHASE_STRIP = NO;
				DEBUG_INFORMATION_FORMAT = dwarf;
				ENABLE_STRICT_OBJC_MSGSEND = YES;
				ENABLE_TESTABILITY = YES;
				GCC_C_LANGUAGE_STANDARD = gnu11;
				GCC_DYNAMIC_NO_PIC = NO;
				GCC_NO_COMMON_BLOCKS = YES;
				GCC_OPTIMIZATION_LEVEL = 0;
				GCC_PREPROCESSOR_DEFINITIONS = (
					"DEBUG=1",
					"$(inherited)",
				);
				GCC_WARN_64_TO_32_BIT_CONVERSION = YES;
				GCC_WARN_ABOUT_RETURN_TYPE = YES_ERROR;
				GCC_WARN_UNDECLARED_SELECTOR = YES;
				GCC_WARN_UNINITIALIZED_AUTOS = YES_AGGRESSIVE;
				GCC_WARN_UNUSED_FUNCTION = YES;
				GCC_WARN_UNUSED_VARIABLE = YES;
				IPHONEOS_DEPLOYMENT_TARGET = 14.0;
				MTL_ENABLE_DEBUG_INFO = INCLUDE_SOURCE;
				MTL_FAST_MATH = YES;
				ONLY_ACTIVE_ARCH = YES;
				SDKROOT = iphoneos;
				SWIFT_ACTIVE_COMPILATION_CONDITIONS = DEBUG;
				SWIFT_OPTIMIZATION_LEVEL = "-Onone";
			};
			name = Debug;
		};
		2557496E2529CEF600D9C85E /* Release */ = {
			isa = XCBuildConfiguration;
			buildSettings = {
				ALWAYS_SEARCH_USER_PATHS = NO;
				CLANG_ANALYZER_NONNULL = YES;
				CLANG_ANALYZER_NUMBER_OBJECT_CONVERSION = YES_AGGRESSIVE;
				CLANG_CXX_LANGUAGE_STANDARD = "gnu++14";
				CLANG_CXX_LIBRARY = "libc++";
				CLANG_ENABLE_MODULES = YES;
				CLANG_ENABLE_OBJC_ARC = YES;
				CLANG_ENABLE_OBJC_WEAK = YES;
				CLANG_WARN_BLOCK_CAPTURE_AUTORELEASING = YES;
				CLANG_WARN_BOOL_CONVERSION = YES;
				CLANG_WARN_COMMA = YES;
				CLANG_WARN_CONSTANT_CONVERSION = YES;
				CLANG_WARN_DEPRECATED_OBJC_IMPLEMENTATIONS = YES;
				CLANG_WARN_DIRECT_OBJC_ISA_USAGE = YES_ERROR;
				CLANG_WARN_DOCUMENTATION_COMMENTS = YES;
				CLANG_WARN_EMPTY_BODY = YES;
				CLANG_WARN_ENUM_CONVERSION = YES;
				CLANG_WARN_INFINITE_RECURSION = YES;
				CLANG_WARN_INT_CONVERSION = YES;
				CLANG_WARN_NON_LITERAL_NULL_CONVERSION = YES;
				CLANG_WARN_OBJC_IMPLICIT_RETAIN_SELF = YES;
				CLANG_WARN_OBJC_LITERAL_CONVERSION = YES;
				CLANG_WARN_OBJC_ROOT_CLASS = YES_ERROR;
				CLANG_WARN_QUOTED_INCLUDE_IN_FRAMEWORK_HEADER = YES;
				CLANG_WARN_RANGE_LOOP_ANALYSIS = YES;
				CLANG_WARN_STRICT_PROTOTYPES = YES;
				CLANG_WARN_SUSPICIOUS_MOVE = YES;
				CLANG_WARN_UNGUARDED_AVAILABILITY = YES_AGGRESSIVE;
				CLANG_WARN_UNREACHABLE_CODE = YES;
				CLANG_WARN__DUPLICATE_METHOD_MATCH = YES;
				COPY_PHASE_STRIP = NO;
				DEBUG_INFORMATION_FORMAT = "dwarf-with-dsym";
				ENABLE_NS_ASSERTIONS = NO;
				ENABLE_STRICT_OBJC_MSGSEND = YES;
				GCC_C_LANGUAGE_STANDARD = gnu11;
				GCC_NO_COMMON_BLOCKS = YES;
				GCC_WARN_64_TO_32_BIT_CONVERSION = YES;
				GCC_WARN_ABOUT_RETURN_TYPE = YES_ERROR;
				GCC_WARN_UNDECLARED_SELECTOR = YES;
				GCC_WARN_UNINITIALIZED_AUTOS = YES_AGGRESSIVE;
				GCC_WARN_UNUSED_FUNCTION = YES;
				GCC_WARN_UNUSED_VARIABLE = YES;
				IPHONEOS_DEPLOYMENT_TARGET = 14.0;
				MTL_ENABLE_DEBUG_INFO = NO;
				MTL_FAST_MATH = YES;
				SDKROOT = iphoneos;
				SWIFT_COMPILATION_MODE = wholemodule;
				SWIFT_OPTIMIZATION_LEVEL = "-O";
				VALIDATE_PRODUCT = YES;
			};
			name = Release;
		};
		255749702529CEF600D9C85E /* Debug */ = {
			isa = XCBuildConfiguration;
			buildSettings = {
				ASSETCATALOG_COMPILER_APPICON_NAME = AppIcon;
				ASSETCATALOG_COMPILER_GLOBAL_ACCENT_COLOR_NAME = AccentColor;
				CODE_SIGN_ENTITLEMENTS = WTrack/WTrack.entitlements;
				CODE_SIGN_STYLE = Automatic;
				DEVELOPMENT_ASSET_PATHS = "\"WTrack/Preview Content\"";
				DEVELOPMENT_TEAM = LRZRFZU4FM;
				ENABLE_PREVIEWS = YES;
				INFOPLIST_FILE = WTrack/Info.plist;
				IPHONEOS_DEPLOYMENT_TARGET = 14.0;
				LD_RUNPATH_SEARCH_PATHS = (
					"$(inherited)",
					"@executable_path/Frameworks",
				);
				PRODUCT_BUNDLE_IDENTIFIER = com.abyssaldev.WTrack;
				PRODUCT_NAME = "$(TARGET_NAME)";
				SWIFT_VERSION = 5.0;
				TARGETED_DEVICE_FAMILY = "1,2";
			};
			name = Debug;
		};
		255749712529CEF600D9C85E /* Release */ = {
			isa = XCBuildConfiguration;
			buildSettings = {
				ASSETCATALOG_COMPILER_APPICON_NAME = AppIcon;
				ASSETCATALOG_COMPILER_GLOBAL_ACCENT_COLOR_NAME = AccentColor;
				CODE_SIGN_ENTITLEMENTS = WTrack/WTrack.entitlements;
				CODE_SIGN_STYLE = Automatic;
				DEVELOPMENT_ASSET_PATHS = "\"WTrack/Preview Content\"";
				DEVELOPMENT_TEAM = LRZRFZU4FM;
				ENABLE_PREVIEWS = YES;
				INFOPLIST_FILE = WTrack/Info.plist;
				IPHONEOS_DEPLOYMENT_TARGET = 14.0;
				LD_RUNPATH_SEARCH_PATHS = (
					"$(inherited)",
					"@executable_path/Frameworks",
				);
				PRODUCT_BUNDLE_IDENTIFIER = com.abyssaldev.WTrack;
				PRODUCT_NAME = "$(TARGET_NAME)";
				SWIFT_VERSION = 5.0;
				TARGETED_DEVICE_FAMILY = "1,2";
			};
			name = Release;
		};
/* End XCBuildConfiguration section */

/* Begin XCConfigurationList section */
		255749402529CEF300D9C85E /* Build configuration list for PBXProject "WTrack" */ = {
			isa = XCConfigurationList;
			buildConfigurations = (
				2557496D2529CEF600D9C85E /* Debug */,
				2557496E2529CEF600D9C85E /* Release */,
			);
			defaultConfigurationIsVisible = 0;
			defaultConfigurationName = Release;
		};
		2557496F2529CEF600D9C85E /* Build configuration list for PBXNativeTarget "WTrack" */ = {
			isa = XCConfigurationList;
			buildConfigurations = (
				255749702529CEF600D9C85E /* Debug */,
				255749712529CEF600D9C85E /* Release */,
			);
			defaultConfigurationIsVisible = 0;
			defaultConfigurationName = Release;
		};
/* End XCConfigurationList section */

/* Begin XCRemoteSwiftPackageReference section */
		2538640D252B12EC0092FC42 /* XCRemoteSwiftPackageReference "AbyssalKit" */ = {
			isa = XCRemoteSwiftPackageReference;
			repositoryURL = "https://github.com/abyssal/AbyssalKit";
			requirement = {
				branch = main;
				kind = branch;
			};
		};
		255749872529D50E00D9C85E /* XCRemoteSwiftPackageReference "PromiseKit" */ = {
			isa = XCRemoteSwiftPackageReference;
			repositoryURL = "https://github.com/mxcl/PromiseKit";
			requirement = {
				kind = upToNextMajorVersion;
				minimumVersion = 6.13.3;
			};
		};
/* End XCRemoteSwiftPackageReference section */

/* Begin XCSwiftPackageProductDependency section */
		2538640E252B12EC0092FC42 /* AbyssalKit */ = {
			isa = XCSwiftPackageProductDependency;
			package = 2538640D252B12EC0092FC42 /* XCRemoteSwiftPackageReference "AbyssalKit" */;
			productName = AbyssalKit;
		};
		255749882529D50E00D9C85E /* PromiseKit */ = {
			isa = XCSwiftPackageProductDependency;
			package = 255749872529D50E00D9C85E /* XCRemoteSwiftPackageReference "PromiseKit" */;
			productName = PromiseKit;
		};
/* End XCSwiftPackageProductDependency section */

/* Begin XCVersionGroup section */
		255749532529CEF500D9C85E /* WTrack.xcdatamodeld */ = {
			isa = XCVersionGroup;
			children = (
				255749542529CEF500D9C85E /* WTrack.xcdatamodel */,
			);
			currentVersion = 255749542529CEF500D9C85E /* WTrack.xcdatamodel */;
			path = WTrack.xcdatamodeld;
			sourceTree = "<group>";
			versionGroupType = wrapper.xcdatamodel;
		};
/* End XCVersionGroup section */
	};
	rootObject = 2557493D2529CEF300D9C85E /* Project object */;
}
