{
  "object": {
    "pins": [
      {
        "package": "AbyssalKit",
        "repositoryURL": "https://github.com/abyssal/AbyssalKit",
        "state": {
          "branch": "main",
          "revision": "f5f57a1d468335da6dcb3bd8863cb9f623e4b388",
          "version": null
        }
      },
      {
        "package": "PromiseKit",
        "repositoryURL": "https://github.com/mxcl/PromiseKit",
        "state": {
          "branch": null,
          "revision": "aea48ea1855f5d82e2dffa6027afce3aab8f3dd7",
          "version": "6.13.3"
        }
      }
    ]
  },
  "version": 1
}
